// !$*UTF8*$!
{
	archiveVersion = 1;
	classes = {
	};
	objectVersion = 50;
	objects = {

/* Begin PBXBuildFile section */
		616AEAEE20F1917600598FF7 /* AppDelegate.m in Sources */ = {isa = PBXBuildFile; fileRef = 616AEAED20F1917600598FF7 /* AppDelegate.m */; };
		616AEAF120F1917600598FF7 /* ViewController.m in Sources */ = {isa = PBXBuildFile; fileRef = 616AEAF020F1917600598FF7 /* ViewController.m */; };
		616AEAF420F1917600598FF7 /* Main.storyboard in Resources */ = {isa = PBXBuildFile; fileRef = 616AEAF220F1917600598FF7 /* Main.storyboard */; };
		616AEAF620F1917900598FF7 /* Assets.xcassets in Resources */ = {isa = PBXBuildFile; fileRef = 616AEAF520F1917900598FF7 /* Assets.xcassets */; };
		616AEAF920F1917900598FF7 /* LaunchScreen.storyboard in Resources */ = {isa = PBXBuildFile; fileRef = 616AEAF720F1917900598FF7 /* LaunchScreen.storyboard */; };
		616AEAFC20F1917900598FF7 /* main.m in Sources */ = {isa = PBXBuildFile; fileRef = 616AEAFB20F1917900598FF7 /* main.m */; };
		616AEB0620F1917900598FF7 /* FontReferenceTableTests.m in Sources */ = {isa = PBXBuildFile; fileRef = 616AEB0520F1917900598FF7 /* FontReferenceTableTests.m */; };
		616AEB1120F1917900598FF7 /* FontReferenceTableUITests.m in Sources */ = {isa = PBXBuildFile; fileRef = 616AEB1020F1917900598FF7 /* FontReferenceTableUITests.m */; };
/* End PBXBuildFile section */

/* Begin PBXContainerItemProxy section */
		616AEB0220F1917900598FF7 /* PBXContainerItemProxy */ = {
			isa = PBXContainerItemProxy;
			containerPortal = 616AEAE120F1917600598FF7 /* Project object */;
			proxyType = 1;
			remoteGlobalIDString = 616AEAE820F1917600598FF7;
			remoteInfo = FontReferenceTable;
		};
		616AEB0D20F1917900598FF7 /* PBXContainerItemProxy */ = {
			isa = PBXContainerItemProxy;
			containerPortal = 616AEAE120F1917600598FF7 /* Project object */;
			proxyType = 1;
			remoteGlobalIDString = 616AEAE820F1917600598FF7;
			remoteInfo = FontReferenceTable;
		};
/* End PBXContainerItemProxy section */

/* Begin PBXFileReference section */
		616AEAE920F1917600598FF7 /* FontReferenceTable.app */ = {isa = PBXFileReference; explicitFileType = wrapper.application; includeInIndex = 0; path = FontReferenceTable.app; sourceTree = BUILT_PRODUCTS_DIR; };
		616AEAEC20F1917600598FF7 /* AppDelegate.h */ = {isa = PBXFileReference; lastKnownFileType = sourcecode.c.h; path = AppDelegate.h; sourceTree = "<group>"; };
		616AEAED20F1917600598FF7 /* AppDelegate.m */ = {isa = PBXFileReference; lastKnownFileType = sourcecode.c.objc; path = AppDelegate.m; sourceTree = "<group>"; };
		616AEAEF20F1917600598FF7 /* ViewController.h */ = {isa = PBXFileReference; lastKnownFileType = sourcecode.c.h; path = ViewController.h; sourceTree = "<group>"; };
		616AEAF020F1917600598FF7 /* ViewController.m */ = {isa = PBXFileReference; lastKnownFileType = sourcecode.c.objc; path = ViewController.m; sourceTree = "<group>"; };
		616AEAF320F1917600598FF7 /* Base */ = {isa = PBXFileReference; lastKnownFileType = file.storyboard; name = Base; path = Base.lproj/Main.storyboard; sourceTree = "<group>"; };
		616AEAF520F1917900598FF7 /* Assets.xcassets */ = {isa = PBXFileReference; lastKnownFileType = folder.assetcatalog; path = Assets.xcassets; sourceTree = "<group>"; };
		616AEAF820F1917900598FF7 /* Base */ = {isa = PBXFileReference; lastKnownFileType = file.storyboard; name = Base; path = Base.lproj/LaunchScreen.storyboard; sourceTree = "<group>"; };
		616AEAFA20F1917900598FF7 /* Info.plist */ = {isa = PBXFileReference; lastKnownFileType = text.plist.xml; path = Info.plist; sourceTree = "<group>"; };
		616AEAFB20F1917900598FF7 /* main.m */ = {isa = PBXFileReference; lastKnownFileType = sourcecode.c.objc; path = main.m; sourceTree = "<group>"; };
		616AEB0120F1917900598FF7 /* FontReferenceTableTests.xctest */ = {isa = PBXFileReference; explicitFileType = wrapper.cfbundle; includeInIndex = 0; path = FontReferenceTableTests.xctest; sourceTree = BUILT_PRODUCTS_DIR; };
		616AEB0520F1917900598FF7 /* FontReferenceTableTests.m */ = {isa = PBXFileReference; lastKnownFileType = sourcecode.c.objc; path = FontReferenceTableTests.m; sourceTree = "<group>"; };
		616AEB0720F1917900598FF7 /* Info.plist */ = {isa = PBXFileReference; lastKnownFileType = text.plist.xml; path = Info.plist; sourceTree = "<group>"; };
		616AEB0C20F1917900598FF7 /* FontReferenceTableUITests.xctest */ = {isa = PBXFileReference; explicitFileType = wrapper.cfbundle; includeInIndex = 0; path = FontReferenceTableUITests.xctest; sourceTree = BUILT_PRODUCTS_DIR; };
		616AEB1020F1917900598FF7 /* FontReferenceTableUITests.m */ = {isa = PBXFileReference; lastKnownFileType = sourcecode.c.objc; path = FontReferenceTableUITests.m; sourceTree = "<group>"; };
		616AEB1220F1917900598FF7 /* Info.plist */ = {isa = PBXFileReference; lastKnownFileType = text.plist.xml; path = Info.plist; sourceTree = "<group>"; };
/* End PBXFileReference section */

/* Begin PBXFrameworksBuildPhase section */
		616AEAE620F1917600598FF7 /* Frameworks */ = {
			isa = PBXFrameworksBuildPhase;
			buildActionMask = 2147483647;
			files = (
			);
			runOnlyForDeploymentPostprocessing = 0;
		};
		616AEAFE20F1917900598FF7 /* Frameworks */ = {
			isa = PBXFrameworksBuildPhase;
			buildActionMask = 2147483647;
			files = (
			);
			runOnlyForDeploymentPostprocessing = 0;
		};
		616AEB0920F1917900598FF7 /* Frameworks */ = {
			isa = PBXFrameworksBuildPhase;
			buildActionMask = 2147483647;
			files = (
			);
			runOnlyForDeploymentPostprocessing = 0;
		};
/* End PBXFrameworksBuildPhase section */

/* Begin PBXGroup section */
		616AEAE020F1917600598FF7 = {
			isa = PBXGroup;
			children = (
				616AEAEB20F1917600598FF7 /* FontReferenceTable */,
				616AEB0420F1917900598FF7 /* FontReferenceTableTests */,
				616AEB0F20F1917900598FF7 /* FontReferenceTableUITests */,
				616AEAEA20F1917600598FF7 /* Products */,
			);
			sourceTree = "<group>";
		};
		616AEAEA20F1917600598FF7 /* Products */ = {
			isa = PBXGroup;
			children = (
				616AEAE920F1917600598FF7 /* FontReferenceTable.app */,
				616AEB0120F1917900598FF7 /* FontReferenceTableTests.xctest */,
				616AEB0C20F1917900598FF7 /* FontReferenceTableUITests.xctest */,
			);
			name = Products;
			sourceTree = "<group>";
		};
		616AEAEB20F1917600598FF7 /* FontReferenceTable */ = {
			isa = PBXGroup;
			children = (
				616AEAEC20F1917600598FF7 /* AppDelegate.h */,
				616AEAED20F1917600598FF7 /* AppDelegate.m */,
				616AEAEF20F1917600598FF7 /* ViewController.h */,
				616AEAF020F1917600598FF7 /* ViewController.m */,
				616AEAF220F1917600598FF7 /* Main.storyboard */,
				616AEAF520F1917900598FF7 /* Assets.xcassets */,
				616AEAF720F1917900598FF7 /* LaunchScreen.storyboard */,
				616AEAFA20F1917900598FF7 /* Info.plist */,
				616AEAFB20F1917900598FF7 /* main.m */,
			);
			path = FontReferenceTable;
			sourceTree = "<group>";
		};
		616AEB0420F1917900598FF7 /* FontReferenceTableTests */ = {
			isa = PBXGroup;
			children = (
				616AEB0520F1917900598FF7 /* FontReferenceTableTests.m */,
				616AEB0720F1917900598FF7 /* Info.plist */,
			);
			path = FontReferenceTableTests;
			sourceTree = "<group>";
		};
		616AEB0F20F1917900598FF7 /* FontReferenceTableUITests */ = {
			isa = PBXGroup;
			children = (
				616AEB1020F1917900598FF7 /* FontReferenceTableUITests.m */,
				616AEB1220F1917900598FF7 /* Info.plist */,
			);
			path = FontReferenceTableUITests;
			sourceTree = "<group>";
		};
/* End PBXGroup section */

/* Begin PBXNativeTarget section */
		616AEAE820F1917600598FF7 /* FontReferenceTable */ = {
			isa = PBXNativeTarget;
			buildConfigurationList = 616AEB1520F1917900598FF7 /* Build configuration list for PBXNativeTarget "FontReferenceTable" */;
			buildPhases = (
				616AEAE520F1917600598FF7 /* Sources */,
				616AEAE620F1917600598FF7 /* Frameworks */,
				616AEAE720F1917600598FF7 /* Resources */,
			);
			buildRules = (
			);
			dependencies = (
			);
			name = FontReferenceTable;
			productName = FontReferenceTable;
			productReference = 616AEAE920F1917600598FF7 /* FontReferenceTable.app */;
			productType = "com.apple.product-type.application";
		};
		616AEB0020F1917900598FF7 /* FontReferenceTableTests */ = {
			isa = PBXNativeTarget;
			buildConfigurationList = 616AEB1820F1917900598FF7 /* Build configuration list for PBXNativeTarget "FontReferenceTableTests" */;
			buildPhases = (
				616AEAFD20F1917900598FF7 /* Sources */,
				616AEAFE20F1917900598FF7 /* Frameworks */,
				616AEAFF20F1917900598FF7 /* Resources */,
			);
			buildRules = (
			);
			dependencies = (
				616AEB0320F1917900598FF7 /* PBXTargetDependency */,
			);
			name = FontReferenceTableTests;
			productName = FontReferenceTableTests;
			productReference = 616AEB0120F1917900598FF7 /* FontReferenceTableTests.xctest */;
			productType = "com.apple.product-type.bundle.unit-test";
		};
		616AEB0B20F1917900598FF7 /* FontReferenceTableUITests */ = {
			isa = PBXNativeTarget;
			buildConfigurationList = 616AEB1B20F1917900598FF7 /* Build configuration list for PBXNativeTarget "FontReferenceTableUITests" */;
			buildPhases = (
				616AEB0820F1917900598FF7 /* Sources */,
				616AEB0920F1917900598FF7 /* Frameworks */,
				616AEB0A20F1917900598FF7 /* Resources */,
			);
			buildRules = (
			);
			dependencies = (
				616AEB0E20F1917900598FF7 /* PBXTargetDependency */,
			);
			name = FontReferenceTableUITests;
			productName = FontReferenceTableUITests;
			productReference = 616AEB0C20F1917900598FF7 /* FontReferenceTableUITests.xctest */;
			productType = "com.apple.product-type.bundle.ui-testing";
		};
/* End PBXNativeTarget section */

/* Begin PBXProject section */
		616AEAE120F1917600598FF7 /* Project object */ = {
			isa = PBXProject;
			attributes = {
				LastUpgradeCheck = 0940;
				ORGANIZATIONNAME = zhanghao;
				TargetAttributes = {
					616AEAE820F1917600598FF7 = {
						CreatedOnToolsVersion = 9.4.1;
					};
					616AEB0020F1917900598FF7 = {
						CreatedOnToolsVersion = 9.4.1;
						TestTargetID = 616AEAE820F1917600598FF7;
					};
					616AEB0B20F1917900598FF7 = {
						CreatedOnToolsVersion = 9.4.1;
						TestTargetID = 616AEAE820F1917600598FF7;
					};
				};
			};
			buildConfigurationList = 616AEAE420F1917600598FF7 /* Build configuration list for PBXProject "FontReferenceTable" */;
			compatibilityVersion = "Xcode 9.3";
			developmentRegion = en;
			hasScannedForEncodings = 0;
			knownRegions = (
				en,
				Base,
			);
			mainGroup = 616AEAE020F1917600598FF7;
			productRefGroup = 616AEAEA20F1917600598FF7 /* Products */;
			projectDirPath = "";
			projectRoot = "";
			targets = (
				616AEAE820F1917600598FF7 /* FontReferenceTable */,
				616AEB0020F1917900598FF7 /* FontReferenceTableTests */,
				616AEB0B20F1917900598FF7 /* FontReferenceTableUITests */,
			);
		};
/* End PBXProject section */

/* Begin PBXResourcesBuildPhase section */
		616AEAE720F1917600598FF7 /* Resources */ = {
			isa = PBXResourcesBuildPhase;
			buildActionMask = 2147483647;
			files = (
				616AEAF920F1917900598FF7 /* LaunchScreen.storyboard in Resources */,
				616AEAF620F1917900598FF7 /* Assets.xcassets in Resources */,
				616AEAF420F1917600598FF7 /* Main.storyboard in Resources */,
			);
			runOnlyForDeploymentPostprocessing = 0;
		};
		616AEAFF20F1917900598FF7 /* Resources */ = {
			isa = PBXResourcesBuildPhase;
			buildActionMask = 2147483647;
			files = (
			);
			runOnlyForDeploymentPostprocessing = 0;
		};
		616AEB0A20F1917900598FF7 /* Resources */ = {
			isa = PBXResourcesBuildPhase;
			buildActionMask = 2147483647;
			files = (
			);
			runOnlyForDeploymentPostprocessing = 0;
		};
/* End PBXResourcesBuildPhase section */

/* Begin PBXSourcesBuildPhase section */
		616AEAE520F1917600598FF7 /* Sources */ = {
			isa = PBXSourcesBuildPhase;
			buildActionMask = 2147483647;
			files = (
				616AEAF120F1917600598FF7 /* ViewController.m in Sources */,
				616AEAFC20F1917900598FF7 /* main.m in Sources */,
				616AEAEE20F1917600598FF7 /* AppDelegate.m in Sources */,
			);
			runOnlyForDeploymentPostprocessing = 0;
		};
		616AEAFD20F1917900598FF7 /* Sources */ = {
			isa = PBXSourcesBuildPhase;
			buildActionMask = 2147483647;
			files = (
				616AEB0620F1917900598FF7 /* FontReferenceTableTests.m in Sources */,
			);
			runOnlyForDeploymentPostprocessing = 0;
		};
		616AEB0820F1917900598FF7 /* Sources */ = {
			isa = PBXSourcesBuildPhase;
			buildActionMask = 2147483647;
			files = (
				616AEB1120F1917900598FF7 /* FontReferenceTableUITests.m in Sources */,
			);
			runOnlyForDeploymentPostprocessing = 0;
		};
/* End PBXSourcesBuildPhase section */

/* Begin PBXTargetDependency section */
		616AEB0320F1917900598FF7 /* PBXTargetDependency */ = {
			isa = PBXTargetDependency;
			target = 616AEAE820F1917600598FF7 /* FontReferenceTable */;
			targetProxy = 616AEB0220F1917900598FF7 /* PBXContainerItemProxy */;
		};
		616AEB0E20F1917900598FF7 /* PBXTargetDependency */ = {
			isa = PBXTargetDependency;
			target = 616AEAE820F1917600598FF7 /* FontReferenceTable */;
			targetProxy = 616AEB0D20F1917900598FF7 /* PBXContainerItemProxy */;
		};
/* End PBXTargetDependency section */

/* Begin PBXVariantGroup section */
		616AEAF220F1917600598FF7 /* Main.storyboard */ = {
			isa = PBXVariantGroup;
			children = (
				616AEAF320F1917600598FF7 /* Base */,
			);
			name = Main.storyboard;
			sourceTree = "<group>";
		};
		616AEAF720F1917900598FF7 /* LaunchScreen.storyboard */ = {
			isa = PBXVariantGroup;
			children = (
				616AEAF820F1917900598FF7 /* Base */,
			);
			name = LaunchScreen.storyboard;
			sourceTree = "<group>";
		};
/* End PBXVariantGroup section */

/* Begin XCBuildConfiguration section */
		616AEB1320F1917900598FF7 /* Debug */ = {
			isa = XCBuildConfiguration;
			buildSettings = {
				ALWAYS_SEARCH_USER_PATHS = NO;
				CLANG_ANALYZER_NONNULL = YES;
				CLANG_ANALYZER_NUMBER_OBJECT_CONVERSION = YES_AGGRESSIVE;
				CLANG_CXX_LANGUAGE_STANDARD = "gnu++14";
				CLANG_CXX_LIBRARY = "libc++";
				CLANG_ENABLE_MODULES = YES;
				CLANG_ENABLE_OBJC_ARC = YES;
				CLANG_ENABLE_OBJC_WEAK = YES;
				CLANG_WARN_BLOCK_CAPTURE_AUTORELEASING = YES;
				CLANG_WARN_BOOL_CONVERSION = YES;
				CLANG_WARN_COMMA = YES;
				CLANG_WARN_CONSTANT_CONVERSION = YES;
				CLANG_WARN_DEPRECATED_OBJC_IMPLEMENTATIONS = YES;
				CLANG_WARN_DIRECT_OBJC_ISA_USAGE = YES_ERROR;
				CLANG_WARN_DOCUMENTATION_COMMENTS = YES;
				CLANG_WARN_EMPTY_BODY = YES;
				CLANG_WARN_ENUM_CONVERSION = YES;
				CLANG_WARN_INFINITE_RECURSION = YES;
				CLANG_WARN_INT_CONVERSION = YES;
				CLANG_WARN_NON_LITERAL_NULL_CONVERSION = YES;
				CLANG_WARN_OBJC_IMPLICIT_RETAIN_SELF = YES;
				CLANG_WARN_OBJC_LITERAL_CONVERSION = YES;
				CLANG_WARN_OBJC_ROOT_CLASS = YES_ERROR;
				CLANG_WARN_RANGE_LOOP_ANALYSIS = YES;
				CLANG_WARN_STRICT_PROTOTYPES = YES;
				CLANG_WARN_SUSPICIOUS_MOVE = YES;
				CLANG_WARN_UNGUARDED_AVAILABILITY = YES_AGGRESSIVE;
				CLANG_WARN_UNREACHABLE_CODE = YES;
				CLANG_WARN__DUPLICATE_METHOD_MATCH = YES;
				CODE_SIGN_IDENTITY = "iPhone Developer";
				COPY_PHASE_STRIP = NO;
				DEBUG_INFORMATION_FORMAT = dwarf;
				ENABLE_STRICT_OBJC_MSGSEND = YES;
				ENABLE_TESTABILITY = YES;
				GCC_C_LANGUAGE_STANDARD = gnu11;
				GCC_DYNAMIC_NO_PIC = NO;
				GCC_NO_COMMON_BLOCKS = YES;
				GCC_OPTIMIZATION_LEVEL = 0;
				GCC_PREPROCESSOR_DEFINITIONS = (
					"DEBUG=1",
					"$(inherited)",
				);
				GCC_WARN_64_TO_32_BIT_CONVERSION = YES;
				GCC_WARN_ABOUT_RETURN_TYPE = YES_ERROR;
				GCC_WARN_UNDECLARED_SELECTOR = YES;
				GCC_WARN_UNINITIALIZED_AUTOS = YES_AGGRESSIVE;
				GCC_WARN_UNUSED_FUNCTION = YES;
				GCC_WARN_UNUSED_VARIABLE = YES;
				IPHONEOS_DEPLOYMENT_TARGET = 11.4;
				MTL_ENABLE_DEBUG_INFO = YES;
				ONLY_ACTIVE_ARCH = YES;
				SDKROOT = iphoneos;
			};
			name = Debug;
		};
		616AEB1420F1917900598FF7 /* Release */ = {
			isa = XCBuildConfiguration;
			buildSettings = {
				ALWAYS_SEARCH_USER_PATHS = NO;
				CLANG_ANALYZER_NONNULL = YES;
				CLANG_ANALYZER_NUMBER_OBJECT_CONVERSION = YES_AGGRESSIVE;
				CLANG_CXX_LANGUAGE_STANDARD = "gnu++14";
				CLANG_CXX_LIBRARY = "libc++";
				CLANG_ENABLE_MODULES = YES;
				CLANG_ENABLE_OBJC_ARC = YES;
				CLANG_ENABLE_OBJC_WEAK = YES;
				CLANG_WARN_BLOCK_CAPTURE_AUTORELEASING = YES;
				CLANG_WARN_BOOL_CONVERSION = YES;
				CLANG_WARN_COMMA = YES;
				CLANG_WARN_CONSTANT_CONVERSION = YES;
				CLANG_WARN_DEPRECATED_OBJC_IMPLEMENTATIONS = YES;
				CLANG_WARN_DIRECT_OBJC_ISA_USAGE = YES_ERROR;
				CLANG_WARN_DOCUMENTATION_COMMENTS = YES;
				CLANG_WARN_EMPTY_BODY = YES;
				CLANG_WARN_ENUM_CONVERSION = YES;
				CLANG_WARN_INFINITE_RECURSION = YES;
				CLANG_WARN_INT_CONVERSION = YES;
				CLANG_WARN_NON_LITERAL_NULL_CONVERSION = YES;
				CLANG_WARN_OBJC_IMPLICIT_RETAIN_SELF = YES;
				CLANG_WARN_OBJC_LITERAL_CONVERSION = YES;
				CLANG_WARN_OBJC_ROOT_CLASS = YES_ERROR;
				CLANG_WARN_RANGE_LOOP_ANALYSIS = YES;
				CLANG_WARN_STRICT_PROTOTYPES = YES;
				CLANG_WARN_SUSPICIOUS_MOVE = YES;
				CLANG_WARN_UNGUARDED_AVAILABILITY = YES_AGGRESSIVE;
				CLANG_WARN_UNREACHABLE_CODE = YES;
				CLANG_WARN__DUPLICATE_METHOD_MATCH = YES;
				CODE_SIGN_IDENTITY = "iPhone Developer";
				COPY_PHASE_STRIP = NO;
				DEBUG_INFORMATION_FORMAT = "dwarf-with-dsym";
				ENABLE_NS_ASSERTIONS = NO;
				ENABLE_STRICT_OBJC_MSGSEND = YES;
				GCC_C_LANGUAGE_STANDARD = gnu11;
				GCC_NO_COMMON_BLOCKS = YES;
				GCC_WARN_64_TO_32_BIT_CONVERSION = YES;
				GCC_WARN_ABOUT_RETURN_TYPE = YES_ERROR;
				GCC_WARN_UNDECLARED_SELECTOR = YES;
				GCC_WARN_UNINITIALIZED_AUTOS = YES_AGGRESSIVE;
				GCC_WARN_UNUSED_FUNCTION = YES;
				GCC_WARN_UNUSED_VARIABLE = YES;
				IPHONEOS_DEPLOYMENT_TARGET = 11.4;
				MTL_ENABLE_DEBUG_INFO = NO;
				SDKROOT = iphoneos;
				VALIDATE_PRODUCT = YES;
			};
			name = Release;
		};
		616AEB1620F1917900598FF7 /* Debug */ = {
			isa = XCBuildConfiguration;
			buildSettings = {
				ASSETCATALOG_COMPILER_APPICON_NAME = AppIcon;
				CODE_SIGN_STYLE = Automatic;
				INFOPLIST_FILE = FontReferenceTable/Info.plist;
				LD_RUNPATH_SEARCH_PATHS = (
					"$(inherited)",
					"@executable_path/Frameworks",
				);
				PRODUCT_BUNDLE_IDENTIFIER = jhyt.FontReferenceTable;
				PRODUCT_NAME = "$(TARGET_NAME)";
				TARGETED_DEVICE_FAMILY = "1,2";
			};
			name = Debug;
		};
		616AEB1720F1917900598FF7 /* Release */ = {
			isa = XCBuildConfiguration;
			buildSettings = {
				ASSETCATALOG_COMPILER_APPICON_NAME = AppIcon;
				CODE_SIGN_STYLE = Automatic;
				INFOPLIST_FILE = FontReferenceTable/Info.plist;
				LD_RUNPATH_SEARCH_PATHS = (
					"$(inherited)",
					"@executable_path/Frameworks",
				);
				PRODUCT_BUNDLE_IDENTIFIER = jhyt.FontReferenceTable;
				PRODUCT_NAME = "$(TARGET_NAME)";
				TARGETED_DEVICE_FAMILY = "1,2";
			};
			name = Release;
		};
		616AEB1920F1917900598FF7 /* Debug */ = {
			isa = XCBuildConfiguration;
			buildSettings = {
				BUNDLE_LOADER = "$(TEST_HOST)";
				CODE_SIGN_STYLE = Automatic;
				INFOPLIST_FILE = FontReferenceTableTests/Info.plist;
				LD_RUNPATH_SEARCH_PATHS = (
					"$(inherited)",
					"@executable_path/Frameworks",
					"@loader_path/Frameworks",
				);
				PRODUCT_BUNDLE_IDENTIFIER = jhyt.FontReferenceTableTests;
				PRODUCT_NAME = "$(TARGET_NAME)";
				TARGETED_DEVICE_FAMILY = "1,2";
				TEST_HOST = "$(BUILT_PRODUCTS_DIR)/FontReferenceTable.app/FontReferenceTable";
			};
			name = Debug;
		};
		616AEB1A20F1917900598FF7 /* Release */ = {
			isa = XCBuildConfiguration;
			buildSettings = {
				BUNDLE_LOADER = "$(TEST_HOST)";
				CODE_SIGN_STYLE = Automatic;
				INFOPLIST_FILE = FontReferenceTableTests/Info.plist;
				LD_RUNPATH_SEARCH_PATHS = (
					"$(inherited)",
					"@executable_path/Frameworks",
					"@loader_path/Frameworks",
				);
				PRODUCT_BUNDLE_IDENTIFIER = jhyt.FontReferenceTableTests;
				PRODUCT_NAME = "$(TARGET_NAME)";
				TARGETED_DEVICE_FAMILY = "1,2";
				TEST_HOST = "$(BUILT_PRODUCTS_DIR)/FontReferenceTable.app/FontReferenceTable";
			};
			name = Release;
		};
		616AEB1C20F1917900598FF7 /* Debug */ = {
			isa = XCBuildConfiguration;
			buildSettings = {
				CODE_SIGN_STYLE = Automatic;
				INFOPLIST_FILE = FontReferenceTableUITests/Info.plist;
				LD_RUNPATH_SEARCH_PATHS = (
					"$(inherited)",
					"@executable_path/Frameworks",
					"@loader_path/Frameworks",
				);
				PRODUCT_BUNDLE_IDENTIFIER = jhyt.FontReferenceTableUITests;
				PRODUCT_NAME = "$(TARGET_NAME)";
				TARGETED_DEVICE_FAMILY = "1,2";
				TEST_TARGET_NAME = FontReferenceTable;
			};
			name = Debug;
		};
		616AEB1D20F1917900598FF7 /* Release */ = {
			isa = XCBuildConfiguration;
			buildSettings = {
				CODE_SIGN_STYLE = Automatic;
				INFOPLIST_FILE = FontReferenceTableUITests/Info.plist;
				LD_RUNPATH_SEARCH_PATHS = (
					"$(inherited)",
					"@executable_path/Frameworks",
					"@loader_path/Frameworks",
				);
				PRODUCT_BUNDLE_IDENTIFIER = jhyt.FontReferenceTableUITests;
				PRODUCT_NAME = "$(TARGET_NAME)";
				TARGETED_DEVICE_FAMILY = "1,2";
				TEST_TARGET_NAME = FontReferenceTable;
			};
			name = Release;
		};
/* End XCBuildConfiguration section */

/* Begin XCConfigurationList section */
		616AEAE420F1917600598FF7 /* Build configuration list for PBXProject "FontReferenceTable" */ = {
			isa = XCConfigurationList;
			buildConfigurations = (
				616AEB1320F1917900598FF7 /* Debug */,
				616AEB1420F1917900598FF7 /* Release */,
			);
			defaultConfigurationIsVisible = 0;
			defaultConfigurationName = Release;
		};
		616AEB1520F1917900598FF7 /* Build configuration list for PBXNativeTarget "FontReferenceTable" */ = {
			isa = XCConfigurationList;
			buildConfigurations = (
				616AEB1620F1917900598FF7 /* Debug */,
				616AEB1720F1917900598FF7 /* Release */,
			);
			defaultConfigurationIsVisible = 0;
			defaultConfigurationName = Release;
		};
		616AEB1820F1917900598FF7 /* Build configuration list for PBXNativeTarget "FontReferenceTableTests" */ = {
			isa = XCConfigurationList;
			buildConfigurations = (
				616AEB1920F1917900598FF7 /* Debug */,
				616AEB1A20F1917900598FF7 /* Release */,
			);
			defaultConfigurationIsVisible = 0;
			defaultConfigurationName = Release;
		};
		616AEB1B20F1917900598FF7 /* Build configuration list for PBXNativeTarget "FontReferenceTableUITests" */ = {
			isa = XCConfigurationList;
			buildConfigurations = (
				616AEB1C20F1917900598FF7 /* Debug */,
				616AEB1D20F1917900598FF7 /* Release */,
			);
			defaultConfigurationIsVisible = 0;
			defaultConfigurationName = Release;
		};
/* End XCConfigurationList section */
	};
	rootObject = 616AEAE120F1917600598FF7 /* Project object */;
}
